
Microsoft Visual Studio Solution File, Format Version 12.00
# Visual Studio Version 16
VisualStudioVersion = 16.0.31205.134
MinimumVisualStudioVersion = 10.0.40219.1
Project("{9A19103F-16F7-4668-BE54-9A1E7A4F7556}") = "ServerSide", "ServerSide\ServerSide.csproj", "{02CEE730-88B8-436D-B82D-9A49C1E9EC08}"
EndProject
Project("{9A19103F-16F7-4668-BE54-9A1E7A4F7556}") = "ClientSide", "ClientSide\ClientSide.csproj", "{98EEBF9E-9147-443C-8859-AC3C2AF2C0FF}"
EndProject
Global
	GlobalSection(SolutionConfigurationPlatforms) = preSolution
		Debug|Any CPU = Debug|Any CPU
		Release|Any CPU = Release|Any CPU
	EndGlobalSection
	GlobalSection(ProjectConfigurationPlatforms) = postSolution
		{02CEE730-88B8-436D-B82D-9A49C1E9EC08}.Debug|Any CPU.ActiveCfg = Debug|Any CPU
		{02CEE730-88B8-436D-B82D-9A49C1E9EC08}.Debug|Any CPU.Build.0 = Debug|Any CPU
		{02CEE730-88B8-436D-B82D-9A49C1E9EC08}.Release|Any CPU.ActiveCfg = Release|Any CPU
		{02CEE730-88B8-436D-B82D-9A49C1E9EC08}.Release|Any CPU.Build.0 = Release|Any CPU
		{98EEBF9E-9147-443C-8859-AC3C2AF2C0FF}.Debug|Any CPU.ActiveCfg = Debug|Any CPU
		{98EEBF9E-9147-443C-8859-AC3C2AF2C0FF}.Debug|Any CPU.Build.0 = Debug|Any CPU
		{98EEBF9E-9147-443C-8859-AC3C2AF2C0FF}.Release|Any CPU.ActiveCfg = Release|Any CPU
		{98EEBF9E-9147-443C-8859-AC3C2AF2C0FF}.Release|Any CPU.Build.0 = Release|Any CPU
	EndGlobalSection
	GlobalSection(SolutionProperties) = preSolution
		HideSolutionNode = FALSE
	EndGlobalSection
	GlobalSection(ExtensibilityGlobals) = postSolution
		SolutionGuid = {850F0EA5-4283-4537-8724-4E81D64C041A}
	EndGlobalSection
EndGlobal
